
Microsoft Visual Studio Solution File, Format Version 12.00
# Visual Studio Version 17
VisualStudioVersion = 17.3.32922.545
MinimumVisualStudioVersion = 10.0.40219.1
Project("{FAE04EC0-301F-11D3-BF4B-00C04F79EFBC}") = "MS_VS_Goldobin", "MS_VS_Goldobin\MS_VS_Goldobin.csproj", "{4A91D4D6-7751-49FF-9739-40F7019C446C}"
EndProject
Global
	GlobalSection(SolutionConfigurationPlatforms) = preSolution
		Debug|Any CPU = Debug|Any CPU
		Release|Any CPU = Release|Any CPU
	EndGlobalSection
	GlobalSection(ProjectConfigurationPlatforms) = postSolution
		{4A91D4D6-7751-49FF-9739-40F7019C446C}.Debug|Any CPU.ActiveCfg = Debug|Any CPU
		{4A91D4D6-7751-49FF-9739-40F7019C446C}.Debug|Any CPU.Build.0 = Debug|Any CPU
		{4A91D4D6-7751-49FF-9739-40F7019C446C}.Release|Any CPU.ActiveCfg = Release|Any CPU
		{4A91D4D6-7751-49FF-9739-40F7019C446C}.Release|Any CPU.Build.0 = Release|Any CPU
	EndGlobalSection
	GlobalSection(SolutionProperties) = preSolution
		HideSolutionNode = FALSE
	EndGlobalSection
	GlobalSection(ExtensibilityGlobals) = postSolution
		SolutionGuid = {19351D9B-CEEB-48A8-975A-36C04FF858B2}
	EndGlobalSection
EndGlobal
